
Microsoft Visual Studio Solution File, Format Version 12.00
# Visual Studio Version 17
VisualStudioVersion = 17.3.32901.215
MinimumVisualStudioVersion = 10.0.40219.1
Project("{8BC9CEB8-8B4A-11D0-8D11-00A0C91BC942}") = "CodeDungeon_Testing", "CodeDungeon_Testing\CodeDungeon_Testing.vcxproj", "{A4D8B532-E310-4766-8D15-C5D1DC376712}"
EndProject
Global
	GlobalSection(SolutionConfigurationPlatforms) = preSolution
		Debug|x64 = Debug|x64
		Debug|x86 = Debug|x86
		Release|x64 = Release|x64
		Release|x86 = Release|x86
	EndGlobalSection
	GlobalSection(ProjectConfigurationPlatforms) = postSolution
		{A4D8B532-E310-4766-8D15-C5D1DC376712}.Debug|x64.ActiveCfg = Debug|x64
		{A4D8B532-E310-4766-8D15-C5D1DC376712}.Debug|x64.Build.0 = Debug|x64
		{A4D8B532-E310-4766-8D15-C5D1DC376712}.Debug|x86.ActiveCfg = Debug|Win32
		{A4D8B532-E310-4766-8D15-C5D1DC376712}.Debug|x86.Build.0 = Debug|Win32
		{A4D8B532-E310-4766-8D15-C5D1DC376712}.Release|x64.ActiveCfg = Release|x64
		{A4D8B532-E310-4766-8D15-C5D1DC376712}.Release|x64.Build.0 = Release|x64
		{A4D8B532-E310-4766-8D15-C5D1DC376712}.Release|x86.ActiveCfg = Release|Win32
		{A4D8B532-E310-4766-8D15-C5D1DC376712}.Release|x86.Build.0 = Release|Win32
	EndGlobalSection
	GlobalSection(SolutionProperties) = preSolution
		HideSolutionNode = FALSE
	EndGlobalSection
	GlobalSection(ExtensibilityGlobals) = postSolution
		SolutionGuid = {F77F106B-C4E2-40E6-A564-7BFA3D08487C}
	EndGlobalSection
EndGlobal
